
Microsoft Visual Studio Solution File, Format Version 12.00
# Visual Studio Version 17
VisualStudioVersion = 17.0.32014.148
MinimumVisualStudioVersion = 10.0.40219.1
Project("{9A19103F-16F7-4668-BE54-9A1E7A4F7556}") = "ProductImporter", "ProductImporter\ProductImporter.csproj", "{DBACD1D3-97FE-46B0-B370-E238237C9F00}"
EndProject
Project("{9A19103F-16F7-4668-BE54-9A1E7A4F7556}") = "ProductImporter.Logic", "ProductImporter.Logic\ProductImporter.Logic.csproj", "{3663BDA6-F172-41A4-83CD-BC46676AD8A9}"
EndProject
Project("{FAE04EC0-301F-11D3-BF4B-00C04F79EFBC}") = "ProductImporter.Model", "ProductImporter.Model\ProductImporter.Model.csproj", "{EA01CC68-D4DC-4794-B257-C6A385607226}"
EndProject
Project("{FAE04EC0-301F-11D3-BF4B-00C04F79EFBC}") = "ProductImporter.Logic.Transformations", "ProductImporter.Logic.Transformations\ProductImporter.Logic.Transformations.csproj", "{37D5A536-F8E8-4A45-8181-9C358D89A82E}"
EndProject
Global
	GlobalSection(SolutionConfigurationPlatforms) = preSolution
		Debug|Any CPU = Debug|Any CPU
		Release|Any CPU = Release|Any CPU
	EndGlobalSection
	GlobalSection(ProjectConfigurationPlatforms) = postSolution
		{DBACD1D3-97FE-46B0-B370-E238237C9F00}.Debug|Any CPU.ActiveCfg = Debug|Any CPU
		{DBACD1D3-97FE-46B0-B370-E238237C9F00}.Debug|Any CPU.Build.0 = Debug|Any CPU
		{DBACD1D3-97FE-46B0-B370-E238237C9F00}.Release|Any CPU.ActiveCfg = Release|Any CPU
		{DBACD1D3-97FE-46B0-B370-E238237C9F00}.Release|Any CPU.Build.0 = Release|Any CPU
		{3663BDA6-F172-41A4-83CD-BC46676AD8A9}.Debug|Any CPU.ActiveCfg = Debug|Any CPU
		{3663BDA6-F172-41A4-83CD-BC46676AD8A9}.Debug|Any CPU.Build.0 = Debug|Any CPU
		{3663BDA6-F172-41A4-83CD-BC46676AD8A9}.Release|Any CPU.ActiveCfg = Release|Any CPU
		{3663BDA6-F172-41A4-83CD-BC46676AD8A9}.Release|Any CPU.Build.0 = Release|Any CPU
		{EA01CC68-D4DC-4794-B257-C6A385607226}.Debug|Any CPU.ActiveCfg = Debug|Any CPU
		{EA01CC68-D4DC-4794-B257-C6A385607226}.Debug|Any CPU.Build.0 = Debug|Any CPU
		{EA01CC68-D4DC-4794-B257-C6A385607226}.Release|Any CPU.ActiveCfg = Release|Any CPU
		{EA01CC68-D4DC-4794-B257-C6A385607226}.Release|Any CPU.Build.0 = Release|Any CPU
		{37D5A536-F8E8-4A45-8181-9C358D89A82E}.Debug|Any CPU.ActiveCfg = Debug|Any CPU
		{37D5A536-F8E8-4A45-8181-9C358D89A82E}.Debug|Any CPU.Build.0 = Debug|Any CPU
		{37D5A536-F8E8-4A45-8181-9C358D89A82E}.Release|Any CPU.ActiveCfg = Release|Any CPU
		{37D5A536-F8E8-4A45-8181-9C358D89A82E}.Release|Any CPU.Build.0 = Release|Any CPU
	EndGlobalSection
	GlobalSection(SolutionProperties) = preSolution
		HideSolutionNode = FALSE
	EndGlobalSection
	GlobalSection(ExtensibilityGlobals) = postSolution
		SolutionGuid = {95055EEE-CB7C-4356-9096-10834830AAB1}
	EndGlobalSection
EndGlobal
